schema: '2.0'
stages:
  collect_data:
    cmd: python collect_data.py
    deps:
    - path: collect_data.py
      hash: md5
      md5: f1bcb120d98e525bdefd66ff7b2ae96f
      size: 1653
    outs:
    - path: raw_data.csv
      hash: md5
      md5: d6360cdd52ef2b3b4133c36f252748e0
      size: 291
  preprocess_data:
    cmd: python preprocess_data.py
    deps:
    - path: preprocess_data.py
      hash: md5
      md5: 432fd0bc34a00d50023e742da7f15ad0
      size: 1083
    - path: raw_data.csv
      hash: md5
      md5: d6360cdd52ef2b3b4133c36f252748e0
      size: 291
    outs:
    - path: processed_data.csv
      hash: md5
      md5: 8c2d9de39bce1260cce8aa91fb0d4a06
      size: 507
  train_model:
    cmd: python train_model.py
    deps:
    - path: processed_data.csv
      hash: md5
      md5: 8c2d9de39bce1260cce8aa91fb0d4a06
      size: 507
    - path: train_model.py
      hash: md5
      md5: 5e36457b3be52826bdade2f6db92ebbe
      size: 4303
    outs:
    - path: model.pkl
      hash: md5
      md5: 6479af12bf598c4cc41ee4f720384c30
      size: 599
