schema: '2.0'
stages:
  collect_data:
    cmd: python collect_data.py
    deps:
    - path: collect_data.py
      hash: md5
      md5: f1bcb120d98e525bdefd66ff7b2ae96f
      size: 1653
    outs:
    - path: raw_data.csv
      hash: md5
      md5: 3c612a21666cbf87cba411ba430e9197
      size: 287
  preprocess_data:
    cmd: python preprocess_data.py
    deps:
    - path: preprocess_data.py
      hash: md5
      md5: 432fd0bc34a00d50023e742da7f15ad0
      size: 1083
    - path: raw_data.csv
      hash: md5
      md5: 3c612a21666cbf87cba411ba430e9197
      size: 287
    outs:
    - path: processed_data.csv
      hash: md5
      md5: cb4c56730a7ee9c1df969bc28a868bae
      size: 508
  train_model:
    cmd: python train_model.py
    deps:
    - path: processed_data.csv
      hash: md5
      md5: cb4c56730a7ee9c1df969bc28a868bae
      size: 508
    - path: train_model.py
      hash: md5
      md5: 5e36457b3be52826bdade2f6db92ebbe
      size: 4303
    outs:
    - path: model.pkl
      hash: md5
      md5: ac536b47d82b40df331c3d4609653ea4
      size: 547
